lockfile_version = 2

[[package]]
name = "moonscript"
version = "0.6.0-1"
kind = "bin"
source_hash = "b3:c46861dceec50eb92027e504c39da7e4deecbd560b51113629a386ba071e16c6"
recipe_hash = "b3:e956f3e6c97910fa748d0ea08ced91afeaa2da521da94a583591f456f43e357e"
artifact_hash = "b3:ae419602619e1e2e25449967aa6efa9b271b489b09065c03053788ffb314d556"
replay_mode = "portable_source"
runtime = "5.1"
lua_abi = "5.1"
target = "native"
constellation = "default"
source = "https://luarocks.org/moonscript-0.6.0-1.src.rock"
source_kind = "luarocks_src_rock"
source_payload = "sources/moonscript-0.6.0-1.src.rock"
rockspec = "https://luarocks.org/moonscript-0.6.0-1.rockspec"
rockspec_hash = "b3:704afa18da8eba6a0a8863ce68069f5d78cd33b8418e8431a8860eb213000563"
rockspec_payload = "sources/moonscript-0.6.0-1.rockspec"
resolver = "rocks"
roles = ["tool"]

[[package]]
name = "moonstone/luajit"
version = "2.1.0"
kind = "runtime"
source_hash = "b3:eb0e3baf280c1ae61596f94c85159d83b2ff99d0a2b8573a2605687ac1156b40"
recipe_hash = "b3:f0d64b5107def3bee5a8cb5c28578995ee6516bd4d1485fb979c4261ba81e7c1"
artifact_hash = "b3:f4d32a967447c8d87a709c01fa5229748de4054e51dfa073e0ad1e61c2683bbf"
replay_mode = "artifact_only"
runtime = "5.1"
lua_abi = "lua51"
target = "native"
constellation = "default"
source = "blobs/b3/f4/d3/f4d32a967447c8d87a709c01fa5229748de4054e51dfa073e0ad1e61c2683bbf.tar.zst"
source_kind = "runtime"
source_payload = "sources/blob.tar.zst"
source_url = "blobs/b3/eb/0e/eb0e3baf280c1ae61596f94c85159d83b2ff99d0a2b8573a2605687ac1156b40.tar.gz"
resolver = "moonstone"

[[package]]
name = "argparse"
version = "0.7.2-1"
kind = "lib"
source_hash = "b3:1a8e6b4f38ef11f320d6bbdadabe162cf266355dfd70fb352aa3ec926cfec669"
recipe_hash = "b3:bfe30f120792e8b05753aeaf54b5392b3a60e6179b582d46f9a78106bf4dc706"
artifact_hash = "b3:cc29c0f6b9c09e61b99d2ff5c118cac3bdd2dd95c40ae513e8fe79d9c9487b48"
replay_mode = "portable_source"
runtime = "5.1"
lua_abi = "5.1"
target = "native"
constellation = "default"
source = "https://luarocks.org/argparse-0.7.2-1.src.rock"
source_kind = "luarocks_src_rock"
source_payload = "sources/argparse-0.7.2-1.src.rock"
rockspec = "https://luarocks.org/argparse-0.7.2-1.rockspec"
rockspec_hash = "b3:b52f9c08b02d84c24dd24ec634aa065992884eca49d3591c5bb231be7eae05ef"
rockspec_payload = "sources/argparse-0.7.2-1.rockspec"
resolver = "rocks"
roles = ["runtime", "tool"]

[[package]]
name = "luafilesystem"
version = "1.9.0-1"
kind = "lib"
source_hash = "b3:eb045fcb85b41313935a69e25e12a1a473dbc7c216debdb86ce57845d23b12c0"
recipe_hash = "b3:1e3785ed0b398e0200fd35d2e86b5ef064e731d6e69389c1e091e933f94b63a7"
artifact_hash = "b3:52d1b2ed9ed16faecab1ac816a4314157eb1535b4a3b62e2a388c6cba34be24d"
replay_mode = "portable_source"
runtime = "5.1"
lua_abi = "5.1"
target = "native"
constellation = "default"
source = "https://luarocks.org/luafilesystem-1.9.0-1.src.rock"
source_kind = "luarocks_src_rock"
source_payload = "sources/luafilesystem-1.9.0-1.src.rock"
rockspec = "https://luarocks.org/luafilesystem-1.9.0-1.rockspec"
rockspec_hash = "b3:fca860b1ab21280b1e1c2b8419dc5c552a80ec7d93e11a5359e18d2023d400e9"
rockspec_payload = "sources/luafilesystem-1.9.0-1.rockspec"
resolver = "rocks"
roles = ["tool"]

[[package]]
name = "LPeg"
version = "1.1.0-2"
kind = "lib"
source_hash = "b3:cd2f11defbb02baef845a4d87f174cc1e8eb2f74a4531d315c2cef3099e87631"
recipe_hash = "b3:71cb30e614287136a422a2fedef8114725493cffd1c967ae14983c1c75b6fd48"
artifact_hash = "b3:6b4f37670a7a6f9155c6268e74b42b6210ea7304a260cd21e84b050688e11c92"
replay_mode = "portable_source"
runtime = "5.1"
lua_abi = "5.1"
target = "native"
constellation = "default"
source = "https://luarocks.org/lpeg-1.1.0-2.src.rock"
source_kind = "luarocks_src_rock"
source_payload = "sources/lpeg-1.1.0-2.src.rock"
rockspec = "https://luarocks.org/lpeg-1.1.0-2.rockspec"
rockspec_hash = "b3:19c24adf073e165761fed891fd9cdf6c2cd8ff8894a23b142232aa675f8c46ed"
rockspec_payload = "sources/lpeg-1.1.0-2.rockspec"
resolver = "rocks"

[[package]]
name = "moonstone/ballad"
version = "0.2.24"
kind = "bin"
source_hash = "b3:a4a9459e3b75781e9f4adab53b9febdda0b6ffb7fdffad88dc32e4a643bf248f"
recipe_hash = "b3:4a750ebebc1b8a03257da0945439a750d1c671ec747ee7f25798d3bc81baf868"
artifact_hash = "b3:a4a9459e3b75781e9f4adab53b9febdda0b6ffb7fdffad88dc32e4a643bf248f"
replay_mode = "artifact_only"
runtime = "5.1"
lua_abi = "5.1"
target = "native"
constellation = "default"
source = "blobs/b3/a4/a9/a4a9459e3b75781e9f4adab53b9febdda0b6ffb7fdffad88dc32e4a643bf248f.tar.gz"
source_kind = "bin"
source_payload = "sources/blob.tar.gz"
resolver = "moonstone"
roles = ["tool"]
