lockfile_version = 2

[[package]]
name = "moonscript"
version = "0.6.0-1"
kind = "bin"
source_hash = "b3:c46861dceec50eb92027e504c39da7e4deecbd560b51113629a386ba071e16c6"
recipe_hash = "b3:bd894c13c838549fea37b08acbed6a21bb7f882e3c3884387c71e588d0d32abf"
artifact_hash = "b3:ae419602619e1e2e25449967aa6efa9b271b489b09065c03053788ffb314d556"
replay_mode = "portable_source"
runtime = "5.1"
lua_abi = "5.1"
target = "native"
constellation = "default"
source = "https://luarocks.org/moonscript-0.6.0-1.src.rock"
source_kind = "luarocks_src_rock"
source_payload = "sources/moonscript-0.6.0-1.src.rock"
rockspec = "https://luarocks.org/moonscript-0.6.0-1.rockspec"
rockspec_hash = "b3:704afa18da8eba6a0a8863ce68069f5d78cd33b8418e8431a8860eb213000563"
rockspec_payload = "sources/moonscript-0.6.0-1.rockspec"
resolver = "rocks"
roles = ["tool"]

[[package]]
name = "moonstone/luajit"
version = "2.1.0"
kind = "runtime"
source_hash = "b3:eb0e3baf280c1ae61596f94c85159d83b2ff99d0a2b8573a2605687ac1156b40"
recipe_hash = "b3:f0d64b5107def3bee5a8cb5c28578995ee6516bd4d1485fb979c4261ba81e7c1"
artifact_hash = "b3:f4d32a967447c8d87a709c01fa5229748de4054e51dfa073e0ad1e61c2683bbf"
replay_mode = "artifact_only"
runtime = "5.1"
lua_abi = "lua51"
target = "native"
constellation = "default"
source = "blobs/b3/f4/d3/f4d32a967447c8d87a709c01fa5229748de4054e51dfa073e0ad1e61c2683bbf.tar.zst"
source_kind = "runtime"
source_payload = "sources/blob.tar.zst"
source_url = "blobs/b3/eb/0e/eb0e3baf280c1ae61596f94c85159d83b2ff99d0a2b8573a2605687ac1156b40.tar.gz"
resolver = "store"

[[package]]
name = "argparse"
version = "0.7.2-1"
kind = "lib"
source_hash = "b3:1a8e6b4f38ef11f320d6bbdadabe162cf266355dfd70fb352aa3ec926cfec669"
recipe_hash = "b3:64e74391396d28493fcc9d90060c6104fb13e979b46ae0a225cd4a6608c0c14a"
artifact_hash = "b3:cc29c0f6b9c09e61b99d2ff5c118cac3bdd2dd95c40ae513e8fe79d9c9487b48"
replay_mode = "portable_source"
runtime = "5.1"
lua_abi = "5.1"
target = "native"
constellation = "default"
source = "https://luarocks.org/argparse-0.7.2-1.src.rock"
source_kind = "luarocks_src_rock"
source_payload = "sources/argparse-0.7.2-1.src.rock"
rockspec = "https://luarocks.org/argparse-0.7.2-1.rockspec"
rockspec_hash = "b3:b52f9c08b02d84c24dd24ec634aa065992884eca49d3591c5bb231be7eae05ef"
rockspec_payload = "sources/argparse-0.7.2-1.rockspec"
resolver = "rocks"
roles = ["runtime", "tool"]

[[package]]
name = "luafilesystem"
version = "1.9.0-1"
kind = "lib"
source_hash = "b3:eb045fcb85b41313935a69e25e12a1a473dbc7c216debdb86ce57845d23b12c0"
recipe_hash = "b3:0beae2c11e91f47cd9dfd5dddcca015eb5ffb1ad309e6bb161489bb179e8274f"
artifact_hash = "b3:efbc73bdc440f97c9cfa57451148cbd0810cd11189ee46e37fc7ba9576d926df"
replay_mode = "portable_source"
runtime = "5.1"
lua_abi = "5.1"
target = "native"
constellation = "default"
source = "https://luarocks.org/luafilesystem-1.9.0-1.src.rock"
source_kind = "luarocks_src_rock"
source_payload = "sources/luafilesystem-1.9.0-1.src.rock"
rockspec = "https://luarocks.org/luafilesystem-1.9.0-1.rockspec"
rockspec_hash = "b3:fca860b1ab21280b1e1c2b8419dc5c552a80ec7d93e11a5359e18d2023d400e9"
rockspec_payload = "sources/luafilesystem-1.9.0-1.rockspec"
resolver = "rocks"
roles = ["tool"]

[[package]]
name = "LPeg"
version = "1.1.0-1"
kind = "lib"
source_hash = "b3:b0dfec9a65f166af86918b1ed89f16ae8cdf436d2ac603b92bddc50746d3824f"
recipe_hash = "b3:bb2bd2b9348fad19a861408c33f26b0d284f3d466684470a15c551141922afeb"
artifact_hash = "b3:b8808f19bbd5b59ae42ef3e6b5613b01bc10dff628d9e8eae2b06cc97ac509b9"
replay_mode = "portable_source"
runtime = "5.1"
lua_abi = "5.1"
target = "native"
constellation = "default"
source = "https://luarocks.org/lpeg-1.1.0-1.src.rock"
source_kind = "luarocks_src_rock"
source_payload = "sources/lpeg-1.1.0-1.src.rock"
rockspec = "https://luarocks.org/lpeg-1.1.0-1.rockspec"
rockspec_hash = "b3:9cce5e634592c38237d4c215cb6fb681488bc4f0012063a477167241f7e30614"
rockspec_payload = "sources/lpeg-1.1.0-1.rockspec"
resolver = "rocks"

[[package]]
name = "moonstone/ballad"
version = "0.2.19"
kind = "bin"
source_hash = "b3:84ec64c92183f38d14460bf17855031549ecc90ac2a4094eff640dbda588004c"
recipe_hash = "b3:05ec394ae73e792cb3c8bf42709486caa7233f698f293c3225481014081857fa"
artifact_hash = "b3:84ec64c92183f38d14460bf17855031549ecc90ac2a4094eff640dbda588004c"
replay_mode = "artifact_only"
runtime = "5.1"
lua_abi = "5.1"
target = "native"
constellation = "default"
source = "blobs/b3/84/ec/84ec64c92183f38d14460bf17855031549ecc90ac2a4094eff640dbda588004c.tar.gz"
source_kind = "bin"
source_payload = "sources/blob.tar.gz"
resolver = "moonstone"
roles = ["tool"]
